
Microsoft Visual Studio Solution File, Format Version 12.00
# Visual Studio 14
VisualStudioVersion = 14.0.25420.1
MinimumVisualStudioVersion = 10.0.40219.1
Project("{FAE04EC0-301F-11D3-BF4B-00C04F79EFBC}") = "Yuwa", "Yuwa\Yuwa\Yuwa.csproj", "{349B8844-90E6-479A-A160-BF0BDAB19ED7}"
EndProject
Project("{FAE04EC0-301F-11D3-BF4B-00C04F79EFBC}") = "Yuwa.Android", "Yuwa\Yuwa.Android\Yuwa.Android.csproj", "{12DDE202-B2D8-4546-8C84-E51477A74B16}"
EndProject
Project("{FAE04EC0-301F-11D3-BF4B-00C04F79EFBC}") = "Yuwa.iOS", "Yuwa\Yuwa.iOS\Yuwa.iOS.csproj", "{AF88A80E-1447-4189-845B-9564BE30D2EB}"
EndProject
Project("{FAE04EC0-301F-11D3-BF4B-00C04F79EFBC}") = "Yuwa.UWP", "Yuwa\Yuwa.UWP\Yuwa.UWP.csproj", "{F32762EB-E138-466E-8CC3-0D9D11F5F4FE}"
EndProject
Global
	GlobalSection(SolutionConfigurationPlatforms) = preSolution
		Debug|Any CPU = Debug|Any CPU
		Debug|ARM = Debug|ARM
		Debug|iPhone = Debug|iPhone
		Debug|iPhoneSimulator = Debug|iPhoneSimulator
		Debug|x64 = Debug|x64
		Debug|x86 = Debug|x86
		Release|Any CPU = Release|Any CPU
		Release|ARM = Release|ARM
		Release|iPhone = Release|iPhone
		Release|iPhoneSimulator = Release|iPhoneSimulator
		Release|x64 = Release|x64
		Release|x86 = Release|x86
	EndGlobalSection
	GlobalSection(ProjectConfigurationPlatforms) = postSolution
		{349B8844-90E6-479A-A160-BF0BDAB19ED7}.Debug|Any CPU.ActiveCfg = Debug|Any CPU
		{349B8844-90E6-479A-A160-BF0BDAB19ED7}.Debug|Any CPU.Build.0 = Debug|Any CPU
		{349B8844-90E6-479A-A160-BF0BDAB19ED7}.Debug|ARM.ActiveCfg = Debug|Any CPU
		{349B8844-90E6-479A-A160-BF0BDAB19ED7}.Debug|ARM.Build.0 = Debug|Any CPU
		{349B8844-90E6-479A-A160-BF0BDAB19ED7}.Debug|iPhone.ActiveCfg = Debug|Any CPU
		{349B8844-90E6-479A-A160-BF0BDAB19ED7}.Debug|iPhone.Build.0 = Debug|Any CPU
		{349B8844-90E6-479A-A160-BF0BDAB19ED7}.Debug|iPhoneSimulator.ActiveCfg = Debug|Any CPU
		{349B8844-90E6-479A-A160-BF0BDAB19ED7}.Debug|iPhoneSimulator.Build.0 = Debug|Any CPU
		{349B8844-90E6-479A-A160-BF0BDAB19ED7}.Debug|x64.ActiveCfg = Debug|Any CPU
		{349B8844-90E6-479A-A160-BF0BDAB19ED7}.Debug|x64.Build.0 = Debug|Any CPU
		{349B8844-90E6-479A-A160-BF0BDAB19ED7}.Debug|x86.ActiveCfg = Debug|Any CPU
		{349B8844-90E6-479A-A160-BF0BDAB19ED7}.Debug|x86.Build.0 = Debug|Any CPU
		{349B8844-90E6-479A-A160-BF0BDAB19ED7}.Release|Any CPU.ActiveCfg = Release|Any CPU
		{349B8844-90E6-479A-A160-BF0BDAB19ED7}.Release|Any CPU.Build.0 = Release|Any CPU
		{349B8844-90E6-479A-A160-BF0BDAB19ED7}.Release|ARM.ActiveCfg = Release|Any CPU
		{349B8844-90E6-479A-A160-BF0BDAB19ED7}.Release|ARM.Build.0 = Release|Any CPU
		{349B8844-90E6-479A-A160-BF0BDAB19ED7}.Release|iPhone.ActiveCfg = Release|Any CPU
		{349B8844-90E6-479A-A160-BF0BDAB19ED7}.Release|iPhone.Build.0 = Release|Any CPU
		{349B8844-90E6-479A-A160-BF0BDAB19ED7}.Release|iPhoneSimulator.ActiveCfg = Release|Any CPU
		{349B8844-90E6-479A-A160-BF0BDAB19ED7}.Release|iPhoneSimulator.Build.0 = Release|Any CPU
		{349B8844-90E6-479A-A160-BF0BDAB19ED7}.Release|x64.ActiveCfg = Release|Any CPU
		{349B8844-90E6-479A-A160-BF0BDAB19ED7}.Release|x64.Build.0 = Release|Any CPU
		{349B8844-90E6-479A-A160-BF0BDAB19ED7}.Release|x86.ActiveCfg = Release|Any CPU
		{349B8844-90E6-479A-A160-BF0BDAB19ED7}.Release|x86.Build.0 = Release|Any CPU
		{12DDE202-B2D8-4546-8C84-E51477A74B16}.Debug|Any CPU.ActiveCfg = Debug|Any CPU
		{12DDE202-B2D8-4546-8C84-E51477A74B16}.Debug|Any CPU.Build.0 = Debug|Any CPU
		{12DDE202-B2D8-4546-8C84-E51477A74B16}.Debug|Any CPU.Deploy.0 = Debug|Any CPU
		{12DDE202-B2D8-4546-8C84-E51477A74B16}.Debug|ARM.ActiveCfg = Debug|Any CPU
		{12DDE202-B2D8-4546-8C84-E51477A74B16}.Debug|ARM.Build.0 = Debug|Any CPU
		{12DDE202-B2D8-4546-8C84-E51477A74B16}.Debug|ARM.Deploy.0 = Debug|Any CPU
		{12DDE202-B2D8-4546-8C84-E51477A74B16}.Debug|iPhone.ActiveCfg = Debug|Any CPU
		{12DDE202-B2D8-4546-8C84-E51477A74B16}.Debug|iPhone.Build.0 = Debug|Any CPU
		{12DDE202-B2D8-4546-8C84-E51477A74B16}.Debug|iPhone.Deploy.0 = Debug|Any CPU
		{12DDE202-B2D8-4546-8C84-E51477A74B16}.Debug|iPhoneSimulator.ActiveCfg = Debug|Any CPU
		{12DDE202-B2D8-4546-8C84-E51477A74B16}.Debug|iPhoneSimulator.Build.0 = Debug|Any CPU
		{12DDE202-B2D8-4546-8C84-E51477A74B16}.Debug|iPhoneSimulator.Deploy.0 = Debug|Any CPU
		{12DDE202-B2D8-4546-8C84-E51477A74B16}.Debug|x64.ActiveCfg = Debug|Any CPU
		{12DDE202-B2D8-4546-8C84-E51477A74B16}.Debug|x64.Build.0 = Debug|Any CPU
		{12DDE202-B2D8-4546-8C84-E51477A74B16}.Debug|x64.Deploy.0 = Debug|Any CPU
		{12DDE202-B2D8-4546-8C84-E51477A74B16}.Debug|x86.ActiveCfg = Debug|Any CPU
		{12DDE202-B2D8-4546-8C84-E51477A74B16}.Debug|x86.Build.0 = Debug|Any CPU
		{12DDE202-B2D8-4546-8C84-E51477A74B16}.Debug|x86.Deploy.0 = Debug|Any CPU
		{12DDE202-B2D8-4546-8C84-E51477A74B16}.Release|Any CPU.ActiveCfg = Release|Any CPU
		{12DDE202-B2D8-4546-8C84-E51477A74B16}.Release|Any CPU.Build.0 = Release|Any CPU
		{12DDE202-B2D8-4546-8C84-E51477A74B16}.Release|Any CPU.Deploy.0 = Release|Any CPU
		{12DDE202-B2D8-4546-8C84-E51477A74B16}.Release|ARM.ActiveCfg = Release|Any CPU
		{12DDE202-B2D8-4546-8C84-E51477A74B16}.Release|ARM.Build.0 = Release|Any CPU
		{12DDE202-B2D8-4546-8C84-E51477A74B16}.Release|ARM.Deploy.0 = Release|Any CPU
		{12DDE202-B2D8-4546-8C84-E51477A74B16}.Release|iPhone.ActiveCfg = Release|Any CPU
		{12DDE202-B2D8-4546-8C84-E51477A74B16}.Release|iPhone.Build.0 = Release|Any CPU
		{12DDE202-B2D8-4546-8C84-E51477A74B16}.Release|iPhone.Deploy.0 = Release|Any CPU
		{12DDE202-B2D8-4546-8C84-E51477A74B16}.Release|iPhoneSimulator.ActiveCfg = Release|Any CPU
		{12DDE202-B2D8-4546-8C84-E51477A74B16}.Release|iPhoneSimulator.Build.0 = Release|Any CPU
		{12DDE202-B2D8-4546-8C84-E51477A74B16}.Release|iPhoneSimulator.Deploy.0 = Release|Any CPU
		{12DDE202-B2D8-4546-8C84-E51477A74B16}.Release|x64.ActiveCfg = Release|Any CPU
		{12DDE202-B2D8-4546-8C84-E51477A74B16}.Release|x64.Build.0 = Release|Any CPU
		{12DDE202-B2D8-4546-8C84-E51477A74B16}.Release|x64.Deploy.0 = Release|Any CPU
		{12DDE202-B2D8-4546-8C84-E51477A74B16}.Release|x86.ActiveCfg = Release|Any CPU
		{12DDE202-B2D8-4546-8C84-E51477A74B16}.Release|x86.Build.0 = Release|Any CPU
		{12DDE202-B2D8-4546-8C84-E51477A74B16}.Release|x86.Deploy.0 = Release|Any CPU
		{AF88A80E-1447-4189-845B-9564BE30D2EB}.Debug|Any CPU.ActiveCfg = Debug|iPhone
		{AF88A80E-1447-4189-845B-9564BE30D2EB}.Debug|ARM.ActiveCfg = Debug|iPhone
		{AF88A80E-1447-4189-845B-9564BE30D2EB}.Debug|iPhone.ActiveCfg = Debug|iPhone
		{AF88A80E-1447-4189-845B-9564BE30D2EB}.Debug|iPhone.Build.0 = Debug|iPhone
		{AF88A80E-1447-4189-845B-9564BE30D2EB}.Debug|iPhoneSimulator.ActiveCfg = Debug|iPhoneSimulator
		{AF88A80E-1447-4189-845B-9564BE30D2EB}.Debug|iPhoneSimulator.Build.0 = Debug|iPhoneSimulator
		{AF88A80E-1447-4189-845B-9564BE30D2EB}.Debug|x64.ActiveCfg = Debug|iPhone
		{AF88A80E-1447-4189-845B-9564BE30D2EB}.Debug|x86.ActiveCfg = Debug|iPhone
		{AF88A80E-1447-4189-845B-9564BE30D2EB}.Release|Any CPU.ActiveCfg = Release|iPhone
		{AF88A80E-1447-4189-845B-9564BE30D2EB}.Release|ARM.ActiveCfg = Release|iPhone
		{AF88A80E-1447-4189-845B-9564BE30D2EB}.Release|iPhone.ActiveCfg = Release|iPhone
		{AF88A80E-1447-4189-845B-9564BE30D2EB}.Release|iPhone.Build.0 = Release|iPhone
		{AF88A80E-1447-4189-845B-9564BE30D2EB}.Release|iPhoneSimulator.ActiveCfg = Release|iPhoneSimulator
		{AF88A80E-1447-4189-845B-9564BE30D2EB}.Release|iPhoneSimulator.Build.0 = Release|iPhoneSimulator
		{AF88A80E-1447-4189-845B-9564BE30D2EB}.Release|x64.ActiveCfg = Release|iPhone
		{AF88A80E-1447-4189-845B-9564BE30D2EB}.Release|x86.ActiveCfg = Release|iPhone
		{F32762EB-E138-466E-8CC3-0D9D11F5F4FE}.Debug|Any CPU.ActiveCfg = Debug|x86
		{F32762EB-E138-466E-8CC3-0D9D11F5F4FE}.Debug|ARM.ActiveCfg = Debug|ARM
		{F32762EB-E138-466E-8CC3-0D9D11F5F4FE}.Debug|ARM.Build.0 = Debug|ARM
		{F32762EB-E138-466E-8CC3-0D9D11F5F4FE}.Debug|ARM.Deploy.0 = Debug|ARM
		{F32762EB-E138-466E-8CC3-0D9D11F5F4FE}.Debug|iPhone.ActiveCfg = Debug|x86
		{F32762EB-E138-466E-8CC3-0D9D11F5F4FE}.Debug|iPhoneSimulator.ActiveCfg = Debug|x86
		{F32762EB-E138-466E-8CC3-0D9D11F5F4FE}.Debug|x64.ActiveCfg = Debug|x64
		{F32762EB-E138-466E-8CC3-0D9D11F5F4FE}.Debug|x64.Build.0 = Debug|x64
		{F32762EB-E138-466E-8CC3-0D9D11F5F4FE}.Debug|x64.Deploy.0 = Debug|x64
		{F32762EB-E138-466E-8CC3-0D9D11F5F4FE}.Debug|x86.ActiveCfg = Debug|x86
		{F32762EB-E138-466E-8CC3-0D9D11F5F4FE}.Debug|x86.Build.0 = Debug|x86
		{F32762EB-E138-466E-8CC3-0D9D11F5F4FE}.Debug|x86.Deploy.0 = Debug|x86
		{F32762EB-E138-466E-8CC3-0D9D11F5F4FE}.Release|Any CPU.ActiveCfg = Release|x86
		{F32762EB-E138-466E-8CC3-0D9D11F5F4FE}.Release|ARM.ActiveCfg = Release|ARM
		{F32762EB-E138-466E-8CC3-0D9D11F5F4FE}.Release|ARM.Build.0 = Release|ARM
		{F32762EB-E138-466E-8CC3-0D9D11F5F4FE}.Release|ARM.Deploy.0 = Release|ARM
		{F32762EB-E138-466E-8CC3-0D9D11F5F4FE}.Release|iPhone.ActiveCfg = Release|x86
		{F32762EB-E138-466E-8CC3-0D9D11F5F4FE}.Release|iPhoneSimulator.ActiveCfg = Release|x86
		{F32762EB-E138-466E-8CC3-0D9D11F5F4FE}.Release|x64.ActiveCfg = Release|x64
		{F32762EB-E138-466E-8CC3-0D9D11F5F4FE}.Release|x64.Build.0 = Release|x64
		{F32762EB-E138-466E-8CC3-0D9D11F5F4FE}.Release|x64.Deploy.0 = Release|x64
		{F32762EB-E138-466E-8CC3-0D9D11F5F4FE}.Release|x86.ActiveCfg = Release|x86
		{F32762EB-E138-466E-8CC3-0D9D11F5F4FE}.Release|x86.Build.0 = Release|x86
		{F32762EB-E138-466E-8CC3-0D9D11F5F4FE}.Release|x86.Deploy.0 = Release|x86
	EndGlobalSection
	GlobalSection(SolutionProperties) = preSolution
		HideSolutionNode = FALSE
	EndGlobalSection
EndGlobal
